
Microsoft Visual Studio Solution File, Format Version 12.00
# Visual Studio 14
VisualStudioVersion = 14.0.24720.0
MinimumVisualStudioVersion = 10.0.40219.1
Project("{FAE04EC0-301F-11D3-BF4B-00C04F79EFBC}") = "HashSharp.Contracts", "src\HashSharp.Contracts\HashSharp.Contracts.csproj", "{3C34DF76-43B9-45D9-94C3-082CE54494EA}"
EndProject
Project("{FAE04EC0-301F-11D3-BF4B-00C04F79EFBC}") = "HashSharp", "src\HashSharp\HashSharp.csproj", "{9EFF3C66-0982-45C3-AEC1-3A7E129CF5C6}"
EndProject
Project("{FAE04EC0-301F-11D3-BF4B-00C04F79EFBC}") = "HashSharp.Util", "src\HashSharp.Util\HashSharp.Util.csproj", "{F5404DAD-6FD4-4978-9505-D00454C8BB15}"
EndProject
Project("{2150E333-8FDC-42A3-9474-1A3956D46DE8}") = "test", "test", "{3087DA91-94E5-452C-B517-5D59FD06375C}"
EndProject
Project("{FAE04EC0-301F-11D3-BF4B-00C04F79EFBC}") = "HashSharp.Spec", "test\HashSharp.Spec\HashSharp.Spec.csproj", "{90D535A8-CD7B-4226-A889-589081CE2CA9}"
EndProject
Global
	GlobalSection(SolutionConfigurationPlatforms) = preSolution
		Debug|Any CPU = Debug|Any CPU
		Debug|x64 = Debug|x64
		Debug|x86 = Debug|x86
		Release|Any CPU = Release|Any CPU
		Release|x64 = Release|x64
		Release|x86 = Release|x86
	EndGlobalSection
	GlobalSection(ProjectConfigurationPlatforms) = postSolution
		{3C34DF76-43B9-45D9-94C3-082CE54494EA}.Debug|Any CPU.ActiveCfg = Debug|Any CPU
		{3C34DF76-43B9-45D9-94C3-082CE54494EA}.Debug|Any CPU.Build.0 = Debug|Any CPU
		{3C34DF76-43B9-45D9-94C3-082CE54494EA}.Debug|x64.ActiveCfg = Debug|Any CPU
		{3C34DF76-43B9-45D9-94C3-082CE54494EA}.Debug|x64.Build.0 = Debug|Any CPU
		{3C34DF76-43B9-45D9-94C3-082CE54494EA}.Debug|x86.ActiveCfg = Debug|x86
		{3C34DF76-43B9-45D9-94C3-082CE54494EA}.Debug|x86.Build.0 = Debug|x86
		{3C34DF76-43B9-45D9-94C3-082CE54494EA}.Release|Any CPU.ActiveCfg = Release|Any CPU
		{3C34DF76-43B9-45D9-94C3-082CE54494EA}.Release|Any CPU.Build.0 = Release|Any CPU
		{3C34DF76-43B9-45D9-94C3-082CE54494EA}.Release|x64.ActiveCfg = Release|Any CPU
		{3C34DF76-43B9-45D9-94C3-082CE54494EA}.Release|x64.Build.0 = Release|Any CPU
		{3C34DF76-43B9-45D9-94C3-082CE54494EA}.Release|x86.ActiveCfg = Release|Any CPU
		{3C34DF76-43B9-45D9-94C3-082CE54494EA}.Release|x86.Build.0 = Release|Any CPU
		{9EFF3C66-0982-45C3-AEC1-3A7E129CF5C6}.Debug|Any CPU.ActiveCfg = Debug|Any CPU
		{9EFF3C66-0982-45C3-AEC1-3A7E129CF5C6}.Debug|Any CPU.Build.0 = Debug|Any CPU
		{9EFF3C66-0982-45C3-AEC1-3A7E129CF5C6}.Debug|x64.ActiveCfg = Debug|Any CPU
		{9EFF3C66-0982-45C3-AEC1-3A7E129CF5C6}.Debug|x64.Build.0 = Debug|Any CPU
		{9EFF3C66-0982-45C3-AEC1-3A7E129CF5C6}.Debug|x86.ActiveCfg = Debug|x86
		{9EFF3C66-0982-45C3-AEC1-3A7E129CF5C6}.Debug|x86.Build.0 = Debug|x86
		{9EFF3C66-0982-45C3-AEC1-3A7E129CF5C6}.Release|Any CPU.ActiveCfg = Release|Any CPU
		{9EFF3C66-0982-45C3-AEC1-3A7E129CF5C6}.Release|Any CPU.Build.0 = Release|Any CPU
		{9EFF3C66-0982-45C3-AEC1-3A7E129CF5C6}.Release|x64.ActiveCfg = Release|Any CPU
		{9EFF3C66-0982-45C3-AEC1-3A7E129CF5C6}.Release|x64.Build.0 = Release|Any CPU
		{9EFF3C66-0982-45C3-AEC1-3A7E129CF5C6}.Release|x86.ActiveCfg = Release|Any CPU
		{9EFF3C66-0982-45C3-AEC1-3A7E129CF5C6}.Release|x86.Build.0 = Release|Any CPU
		{F5404DAD-6FD4-4978-9505-D00454C8BB15}.Debug|Any CPU.ActiveCfg = Debug|Any CPU
		{F5404DAD-6FD4-4978-9505-D00454C8BB15}.Debug|Any CPU.Build.0 = Debug|Any CPU
		{F5404DAD-6FD4-4978-9505-D00454C8BB15}.Debug|x64.ActiveCfg = Debug|Any CPU
		{F5404DAD-6FD4-4978-9505-D00454C8BB15}.Debug|x64.Build.0 = Debug|Any CPU
		{F5404DAD-6FD4-4978-9505-D00454C8BB15}.Debug|x86.ActiveCfg = Debug|Any CPU
		{F5404DAD-6FD4-4978-9505-D00454C8BB15}.Debug|x86.Build.0 = Debug|Any CPU
		{F5404DAD-6FD4-4978-9505-D00454C8BB15}.Release|Any CPU.ActiveCfg = Release|Any CPU
		{F5404DAD-6FD4-4978-9505-D00454C8BB15}.Release|Any CPU.Build.0 = Release|Any CPU
		{F5404DAD-6FD4-4978-9505-D00454C8BB15}.Release|x64.ActiveCfg = Release|Any CPU
		{F5404DAD-6FD4-4978-9505-D00454C8BB15}.Release|x64.Build.0 = Release|Any CPU
		{F5404DAD-6FD4-4978-9505-D00454C8BB15}.Release|x86.ActiveCfg = Release|Any CPU
		{F5404DAD-6FD4-4978-9505-D00454C8BB15}.Release|x86.Build.0 = Release|Any CPU
		{90D535A8-CD7B-4226-A889-589081CE2CA9}.Debug|Any CPU.ActiveCfg = Debug|Any CPU
		{90D535A8-CD7B-4226-A889-589081CE2CA9}.Debug|Any CPU.Build.0 = Debug|Any CPU
		{90D535A8-CD7B-4226-A889-589081CE2CA9}.Debug|x64.ActiveCfg = Debug|Any CPU
		{90D535A8-CD7B-4226-A889-589081CE2CA9}.Debug|x64.Build.0 = Debug|Any CPU
		{90D535A8-CD7B-4226-A889-589081CE2CA9}.Debug|x86.ActiveCfg = Debug|Any CPU
		{90D535A8-CD7B-4226-A889-589081CE2CA9}.Debug|x86.Build.0 = Debug|Any CPU
		{90D535A8-CD7B-4226-A889-589081CE2CA9}.Release|Any CPU.ActiveCfg = Release|Any CPU
		{90D535A8-CD7B-4226-A889-589081CE2CA9}.Release|Any CPU.Build.0 = Release|Any CPU
		{90D535A8-CD7B-4226-A889-589081CE2CA9}.Release|x64.ActiveCfg = Release|Any CPU
		{90D535A8-CD7B-4226-A889-589081CE2CA9}.Release|x64.Build.0 = Release|Any CPU
		{90D535A8-CD7B-4226-A889-589081CE2CA9}.Release|x86.ActiveCfg = Release|Any CPU
		{90D535A8-CD7B-4226-A889-589081CE2CA9}.Release|x86.Build.0 = Release|Any CPU
	EndGlobalSection
	GlobalSection(SolutionProperties) = preSolution
		HideSolutionNode = FALSE
	EndGlobalSection
	GlobalSection(NestedProjects) = preSolution
		{90D535A8-CD7B-4226-A889-589081CE2CA9} = {3087DA91-94E5-452C-B517-5D59FD06375C}
	EndGlobalSection
EndGlobal
